# auto-generated by tsdown-lock
# DO NOT EDIT
version: 1
hash: sha256:eca5834430a02f2e9c003ee46eaf69a44da2a635490583b535e6b31048824948
config:
  tsdown.config.ts: sha256:6d45d48f475521731585cc77f8639c33de194f86084e1b5c41eb8026aa5bb3bc
lockfile:
  ../../pnpm-lock.yaml: sha256:9a55b2637896f105ae6f9ed996ac2ab39c36247a0337cc2e97f390c1a18e427e
sources:
  computedEager/index.ts: sha256:8914dcaf3a4a0896b67982932756920228f3d4b1dae8c1a56afe6122cdcae73c
  computedWithControl/index.ts: sha256:09bb92ab0bfd56514282da0ac033f5f440d407869774d3781bc766b2340b29d6
  createEventHook/index.ts: sha256:0dddbc8294ae424caeefc5e3b36b306f4e22af55752163de8c5ea70ecb557c71
  createGlobalState/index.ts: sha256:56f117b5701d476ec98825b210390e29cea6e27a400925a1c4bd634738a37f1f
  createInjectionState/index.ts: sha256:c9ba1dbde053120f9a137d2f264b1d01b57f8d2181d92f183e6903cd337140de
  createRef/index.ts: sha256:d4ca2a12c678b573e382183952e53f674e78782ac26964140daa746a271caa96
  createSharedComposable/index.ts: sha256:7fddd0e044440bd3a0d1584e006f60880e58659f62433a2f9eb7360468814921
  extendRef/index.ts: sha256:4cf7600d4d2300cc1d4dd37939e535b801e96823341e705c2a7a774d1d8f6685
  get/index.ts: sha256:97f62cb84811aff4962bd0ac1b61631b31787a730b724d94709fe003b4e471a9
  index.ts: sha256:22cce04c481e078628b837a4996a8c8e1314a932f34590c6ebbc8b79ee589e6b
  injectLocal/index.ts: sha256:2ccdd9f9d988a201660ad6a265ee614960b45aaa3f741431ab7664948dc600bc
  isDefined/index.ts: sha256:c1849c693d3bb53b031a1d4d725ca317ed739ad5114a94bbde43417ac214a725
  makeDestructurable/index.ts: sha256:59f29e1c64fd8b73659cb2ff5858762bc77c219d770c97be0ca47129b0da0a8c
  provideLocal/index.ts: sha256:3bfb4ccf58320e4489cc43d6ec96f72d15fc46cd66a0e9085c89ba4f3ffcb8c1
  provideLocal/map.ts: sha256:2d884eede20f77ae973a4a2a6dc71dfbc60125d77a710a0b8b79baf7e22dc007
  reactify/index.ts: sha256:d29d5ba0471d217f9a5919271a8d23779cec6b654160d3d12b03a746191748e0
  reactifyObject/index.ts: sha256:7953ecfdc7a07a7088579a7601f526e8f41eb0c1b2e379eb4415f66abf12e48e
  reactiveComputed/index.ts: sha256:21572fe1764aa24573b48da9d73670a566630309bbb3f741a9ee0ef49d7a8746
  reactiveOmit/index.ts: sha256:072fe773f0ed068d83298b89618c5a2861ef5dc3e65577f45daeb895d4d23e16
  reactivePick/index.ts: sha256:27caec236981f20832ceecc252885d1e5e458a8f58f33b41cccd8b7a1b62beee
  refAutoReset/index.ts: sha256:7b2ded0b6dc9be40920f5c1d2d26ef3c6ffd49305553d224d36dc4e37985cb63
  refDebounced/index.ts: sha256:be3ddfad049c1571915bca7d2d92e117cb34ad08f733d410ac82a30d32494782
  refDefault/index.ts: sha256:4aed0969c2b4d5be2d9d2ee3260dbe1b6d8e1beda81b86f6b9d9de0384b5a9eb
  refManualReset/index.ts: sha256:1a4a64440c15fc7f96ae68abaadd3c615ee7d00603cb2231514a0fffbbc99d1e
  refThrottled/index.ts: sha256:b0122b378fbd75f25715a839a9b6b1c817ebcdbc57170cb42d67223e23e185e8
  refWithControl/index.ts: sha256:1cb1f432f307835444856e81f94023594d2375cd35ea105ea4bb74b10ef1fbca
  set/index.ts: sha256:d5ec4bc1b1f529c0d83586242696e7d49eca9deffb5f484b3b6dc7d1b6c44365
  syncRef/index.ts: sha256:50a4d710b5f7566fe8d80366b35148372e4af92f20620b30f0f408269c2b8710
  syncRefs/index.ts: sha256:33fd6ea72cab72fafa0fd92855f0d695b74ede481664d0999c4da3977206b036
  toReactive/index.ts: sha256:7b89ddce04d2f6a2929527f5930c304e81d81f1c6470243932ee3cd940d5f3ef
  toRef/index.ts: sha256:b7966813721742b095e7657c958ae50712a62735d9398b54248963d8ba65f9f0
  toRefs/index.ts: sha256:e8a875fcd7da182a00f8aac83e126513bf948620228121aa015cc1618ab38b57
  tryOnBeforeMount/index.ts: sha256:6ac15bbe2929fac8cead2bffbb81bfa0aeab12ad5deb850fb333c8ee9e483c48
  tryOnBeforeUnmount/index.ts: sha256:74a4ea9ad8ae2e5bbb9a34126d826b0e4f0dfda01857c544361545a3fbd00b40
  tryOnMounted/index.ts: sha256:88ba1585bbbb86863bd5b0a0d6105b7db8485e0579b038c6db3651530adb5920
  tryOnScopeDispose/index.ts: sha256:80d5f6d27d6bcd6975f71676f7869f0e6858b4c834df6abf9663ce750341323b
  tryOnUnmounted/index.ts: sha256:f1c496041880b9cc97d9fd2f4f60221cfbd30cd143c9fb1a682b7ac3a6f4f59c
  until/index.ts: sha256:3e4868b8dd17cb1c72dd5c2efc4991917b9833be4caa97f6c18acef0280984dd
  useArrayDifference/index.ts: sha256:89c62a4a107f7cb4b5411183d275c97a0b0d0b15256a4dba1d3b12c4628065d3
  useArrayEvery/index.ts: sha256:329400b1d13810ebe7e685cd44e23378ab216fad28e0e3e8a20015d547376fd5
  useArrayFilter/index.ts: sha256:edc6812c0f30796d053c112f29232102b675f37976b615695dd7648387caacd2
  useArrayFind/index.ts: sha256:a81577360089b3787e8857a4b17393d0b27b0e094a390accb17032db0e1311c9
  useArrayFindIndex/index.ts: sha256:304393b959640cac3cf2ee5bb52d085fd9fac14036f733660c1a0b5c513b7e5c
  useArrayFindLast/index.ts: sha256:d7ef41c9fea07b8ef7ae267a39f42fb6d8a3776c7ba07ee20f9e3a993ce396b2
  useArrayIncludes/index.ts: sha256:c44003b1d305e52f6428077dbe531648eed235f43a3567b1fd5125866696a90e
  useArrayJoin/index.ts: sha256:185eefb139ca8f742021901d078c8395d705757b63f88e7fba46cf53e1b93fe1
  useArrayMap/index.ts: sha256:6b202b5ef641a6ff6ec2337478eebf03bad694f400a8d08d3a90ab3feb934b5b
  useArrayReduce/index.ts: sha256:c9d24a86f3c57c07b7a82c56b8714e2cf4ca0f10d12cc490cfbf66dbcc58cb9b
  useArraySome/index.ts: sha256:08cb5e5f5df78edddc057ea8f940a7de674c81502dc261986d0102d8094ffe7d
  useArrayUnique/index.ts: sha256:cad9e789804f3a15df5bcccb88345739271fa6f1802faee53d119e197c204c6e
  useCounter/index.ts: sha256:31b4d1e2e025b5c9f2dc1a7b3b2f597dc338b93b79dc386e6e2da53f81c7128e
  useDateFormat/index.ts: sha256:39e7aba8b34f84766b0b3e7781e84d68306dec3231c0bff9dbdb7a173ed58fbc
  useDebounceFn/index.ts: sha256:39f2011c896cf01de25570011833f89404d2fe4a7da2faf919b52c393697586b
  useInterval/index.ts: sha256:155fd3aaacbba142ec8d2f9e341d96bd49cd7c81244f731dd12bf10d5bd84f1a
  useIntervalFn/index.ts: sha256:e4e9d285e9e3c670761a0bc0f1b03687c445a3bd0e092bcaeea7e873de1799ad
  useLastChanged/index.ts: sha256:eb8484f3d10475b8da7fb830d726b6f58e506a203221faf245af28b5e476f23e
  useThrottleFn/index.ts: sha256:1c6a96954c04b09ad1997c825d5ab50ff8b98101778e8fdc1ddce4adc215f48e
  useTimeout/index.ts: sha256:fb2b9d42768eccf7f1b5e791821a0811418d8c7299dc4fbb39b7860cf04fb2a2
  useTimeoutFn/index.ts: sha256:f833560d94565457cfcf12c937ef51ff58863d00003978fc151f95e71acc0af5
  useToggle/index.ts: sha256:decf88f44ee84e69aa08d48a8e2a6e142402cc07374b35c64ac9fd141d720938
  useToNumber/index.ts: sha256:8fbaed7dd6b655998399a6d1e3cc81e59bd8b083793988a81bead55f6356448d
  useToString/index.ts: sha256:bf76fa092a9eaf8fb9e67685808d7016a16870b440a594e64664a3824d5b03b5
  utils/filters.ts: sha256:44037497cfbafb8567dfeb2dfbc53e0a84b735c40b270beabd8c0352a33ad09c
  utils/general.ts: sha256:e8b4bc7a29b7ff8742653d1ea1fa24cd0896081731b684dc34aa7f9c701e1cf4
  utils/index.ts: sha256:31c5f30770075c60b2d8a6049f3f8ed2d798679633028db0c664e40031d39df3
  utils/is.ts: sha256:afe551614bba3b06d7830f807fcd9403a80959f87f4c203c6759de64220cd210
  utils/port.ts: sha256:acd02c8beed0a4c7b4c7dab235dbce4a50cc35f9a83dfe350dca98106526525a
  utils/types.ts: sha256:e9a173524e9f155551d8f0c5701112d72e413d68d41ce260482abb8158ef0562
  utils/vue.ts: sha256:c9891967ff33a7b9c60343484ceeb65b41196538dd52a41a3b9db709a5015357
  watchArray/index.ts: sha256:6c514971047bdec1ffe255bc57daaae4ae39e2bac2b2de2eb27c62a5ff60a092
  watchAtMost/index.ts: sha256:d4b0561f4040462c638e836e57631c6ad387297264156ffda737f18a1c69faa9
  watchDebounced/index.ts: sha256:25e350acb1de605aa69ad7775872bfbdd395d03f22a84dba86c36077448dff4a
  watchDeep/index.ts: sha256:ea0df6cb4b8dc6483c91920f913b9f2ef3388746d65e8f6519a0f2e230384aba
  watchIgnorable/index.ts: sha256:1fd4b3e4e6183a1ca7490e81a616c6c00ba7a490eb76d013fc1ea92f3134372e
  watchImmediate/index.ts: sha256:9bf6bce68f8f61cb54851f221fc73f41da3485e8106a875ad50727d817597f33
  watchOnce/index.ts: sha256:3bac588ff9945f8d493f41433c7b0da1b85604a8db10072704e45253626f894a
  watchPausable/index.ts: sha256:3d329777bd9feaf48e76805626d46fd88ceaea0f1e04a0341b705280945d6ebb
  watchThrottled/index.ts: sha256:5699d670804be5ec22eabbb18cccdd401ba6c99897e2d9e6df0a94c840b5c4a4
  watchTriggerable/index.ts: sha256:9d1b6aef6aa6a1d7cf378f58d1ee69861dc1f9dfb9a7a0087025a6fab5b6becb
  watchWithFilter/index.ts: sha256:d3c9b2295a91e2f64eaf7060131a8668306312ba5a4f8f84475535b07d5816d0
  whenever/index.ts: sha256:8070954005806933f9a4175ac98bd1c001687a2579740a1892c00b1438aad905
outputs:
  dist/index.d.ts: sha256:bbe0e99969fcb279d3a19258c2ad4693643afc60e74076df6fdd11f94f07a4c9
  dist/index.iife.js: sha256:8069c1cf78fce4f4c91c656750af1ce801e9601e3384ebb55bcf8d857b852f00
  dist/index.iife.min.js: sha256:ea0f1d11951fa450cd6f45ce48841890b79e65036e128524957ecf6dd54f2a5b
  dist/index.js: sha256:2cc02ddf2650f0a8485f17b2ae341accf024a61bb4afba77dd53b067a94fc975
