# auto-generated by tsdown-lock
# DO NOT EDIT
version: 1
hash: sha256:2a0ba92c3849703e3fd5dcc25ee37bb468c10c394478e9f66e96c72ee5bd4e67
config:
  tsdown.config.ts: sha256:56bb894d5ce0e37b6c0e87b44e2a198bc5e4e1cc20ab652405028838f799c383
lockfile:
  ../../pnpm-lock.yaml: sha256:9a55b2637896f105ae6f9ed996ac2ab39c36247a0337cc2e97f390c1a18e427e
sources:
  createGenericProjection/index.ts: sha256:0ed65bc52f989e4068ab4f3c34126f27244cbf258dc33f445ae22b67017a0969
  createProjection/index.ts: sha256:0310b2e3dc886bb8ebc451ce05cc921ec4318efa9b900b59cd03fefb1df7aed5
  index.ts: sha256:bdc1b29ad60f85c27e31d2d9596f3e8456af4b0b9b28b3a5a729baadd9ba8dd8
  logicAnd/index.ts: sha256:5666bddc790720872571227fc08c6db5a6f917276a9b0cc8c3e3ade3db0b4be4
  logicNot/index.ts: sha256:36fd681183f3c7367e7e2a4ab7f16b91bf5deabdacadd0276d7d877ec29f64c0
  logicOr/index.ts: sha256:2a4b98aa915c27c83a51d2a7bb5f97781b3a2ddc03afa39aaecb507e48dc64b7
  useAbs/index.ts: sha256:1d2ab997a63106f5a472350cb1c838678f705aec3c5793561d71dc15df2533be
  useAverage/index.ts: sha256:d52740cf384ed129a85a6452ac48e6958c52a9a32a9cdeafa3945c6c0b153df8
  useCeil/index.ts: sha256:6fe6acc803fc1b8d164b3fd17684a343d088da1b7726a3c519ddb46049f9fbfd
  useClamp/index.ts: sha256:e7e87105919e66e40f3457dba4d6d10f918825d8ed99f4ac46f55fcb6622c0ec
  useFloor/index.ts: sha256:4212f9050dd0cd9d4bafd331f441f9d637a27e958834d2466a80fb020f4a2cc6
  useMath/index.ts: sha256:f51e1feb10d2782f679be87a216d519be74685755c63d9c51fea5a383fb3db76
  useMax/index.ts: sha256:a9ee5014b804c506f08731dfe180f9c5c69c6c930c09057067f434721a623b93
  useMin/index.ts: sha256:8da286771184bf5bb5b16198e09a34a79352ecc1680db835295e59b202118f5a
  usePrecision/index.ts: sha256:f7458691479b3cee4c8fd7cc5690dba97aec33007dbc70cd964a277a85463723
  useProjection/index.ts: sha256:6be5dcda848a89ccec4d9984aa908294e5567ce626488edfb4ef34287f3d2cf4
  useRound/index.ts: sha256:57c5115afee95acc0d38cd6ee40f38ec8da576554297f9412a5f6969af475e3e
  useSum/index.ts: sha256:8c7f8ae9eb52bf9813d9a5668d10e49e88ead555de37f5abadf38803f1913556
  useTrunc/index.ts: sha256:bd51edb8e921107558d4d7610ae6898e4f860cff9f073fa871d029430c4a8c39
  utils.ts: sha256:9ae66f849031f5559db2d98c5ec1c95e2b3572bfbd6b146ee33e912b629f923b
outputs:
  dist/index.d.ts: sha256:04b6828f38b2d59094ffd24ab467d95a9fc234908712e4b8f1895d53bead4b97
  dist/index.iife.js: sha256:20de142a981234ac979c2f56a7c7b249a578894170622e4b5fcc37a72e7af939
  dist/index.iife.min.js: sha256:d766f506b63722efb2489c892eb6d45b0c3b9d0269c048d65f060b53070da677
  dist/index.js: sha256:f1c40702c6c4ce866c784669878459087eca38d84cbf112d9ed1f630b8381e88
