# auto-generated by tsdown-lock
# DO NOT EDIT
version: 1
hash: sha256:80b625c5a73ef68d85aca1404f35dfb4eb391f490b28f6c30f0c4f9eb6ee2d59
config:
  tsdown.config.ts: sha256:0356ff888182547181da01d2ea52be32f8d8cb007f498070b68935b4fd536d75
lockfile:
  pnpm-lock.yaml: sha256:b2b1c3bff72d74d1ab70064e2ffa3190df8c0b038593f0ffc3f72256c7b484a6
sources:
  index.ts: sha256:caba6d8532b316f200107ca54ca7c76902fd2f82c0e0e502f9707bd44960d516
  useAsyncValidator/component.ts: sha256:dee04ff5f0afa41972d080425b1107657d107e24e0700837bf2620c2ecd0a6d2
  useAsyncValidator/index.ts: sha256:03f5c1ffa5b9aeaef117507090198898cd4f2480def25ced9fcd7a9a3e84fe11
  useAxios/index.ts: sha256:6727d1a85974ba3705730f7ba97d2ab594c5e2ff753e821a87234ac6137bfcaf
  useChangeCase/index.ts: sha256:ee0a7455db880da7aaba68363c82a3f762839527bbde567421c9d6434dea3072
  useCookies/index.ts: sha256:c43ef69c7266adcc9f183512b42b0333c16ea5b3107c88dc361ccf6176036ec7
  useDrauu/index.ts: sha256:2a477a155aeba63a1d0773d9d67f6fb8ba98791acc5eb5ec03d1373a7d351e76
  useFocusTrap/component.ts: sha256:aab4218807174078d5ac39f9339a16007f242f457ee05a552f5908a27e6a6b7f
  useFocusTrap/index.ts: sha256:4f8e3d59f79a8b63e5ffee9e716ec2a0215121948a249af7dbdfbf7640f14daf
  useFuse/index.ts: sha256:06e93ed00824508c1b3b089463c9bbe63cdc43a89348fff74e1052111ae4e2e9
  useIDBKeyval/index.ts: sha256:1965410dee289d8b2fcf9f8dead8259e1427fa998cefefd69e820901e13d13c0
  useJwt/index.ts: sha256:5a7440d3e5161abe42e389c2b977aedd5723246c9fea5bb07698134503cde9ed
  useNProgress/index.ts: sha256:3c4d01df5ce10ff54270bcb9d9fcacd19680e70fe7fef0336211f992f0e5d8ec
  useQRCode/index.ts: sha256:32784ecdb24514093583bfa79de078ae918f143892f00c4d31638d574f6eeb17
  useSortable/component.ts: sha256:0164c7a4376d62f9ef122daf8525cac6b08a9b1849594e13c0c117fbcb54ec42
  useSortable/index.ts: sha256:166fa2e06c1dcfb536305d185761d690bda7c593b4db21504bbe13208e1501f5
outputs:
  dist/index.d.ts: sha256:0861f4dd2f3231870a4c58432a84a0d1efa3716d12677635fb50a05b79766637
  dist/index.iife.js: sha256:cb14168b15ec7c61dbc1f1b54c692d6b0c2e9f7ee50061f8c0cfa4488c80b4df
  dist/index.iife.min.js: sha256:e6c99df0284b1597a2bf4fa8b8cc371aacb665f61f28c3a63afd305d02d1716a
  dist/index.js: sha256:ee87667bac55fbad914e59fd2f4b71a87b5816306532a969cb330f7759996b5f
  dist/useAsyncValidator.d.ts: sha256:075353ceee8d82fa40e62bd6cc475726f0ab6251e2d970ee78b28a239a2841dc
  dist/useAsyncValidator.iife.js: sha256:6868ad4d2a23bd789aa256bd4c9bb41996cbb3c39cf9d86e4c6581de8cf326e0
  dist/useAsyncValidator.iife.min.js: sha256:3248570a68ff0de727ad822e51832a86bf2f5b8e640ba7868db2871c4083f0ac
  dist/useAsyncValidator.js: sha256:31b6d4c5fdf8fe52c15a009f3679afe84d4778cbeaaf28ede9ffc0d7979fbd23
  dist/useAsyncValidator/component.d.ts: sha256:13ae46e4f7b0190cf7eb21d889a032c50fe32b1fde5266358491a3159e8494be
  dist/useAsyncValidator/component.js: sha256:b361395bcb34c22fcd2afd3b838760550303d5b559b0fa241ce28975e53cb883
  dist/useAxios.d.ts: sha256:1d031ab649e0f0dce4cbabb43e10b8b10499f3b99af845e91b119e0f791a058a
  dist/useAxios.iife.js: sha256:c409fa936fc51df4ddc2c656e8b5a8121badaf1bfe91bb97c9fa921122bf6d79
  dist/useAxios.iife.min.js: sha256:55e20c41336d720460c4c39181d6132d5cb126632388f6cf75eb49d7c5f9b7ad
  dist/useAxios.js: sha256:184451052d8d180ece0988bc24b16671ad76b74b2fb9517b37698de580ceaa39
  dist/useChangeCase.d.ts: sha256:ff20854662c0e26424ab75994814bd6c595bcc645f3e7a3fae6b2fbb9911a5bf
  dist/useChangeCase.iife.js: sha256:2466fcc7bd4ecdab2508126a449a9c2f348379ff855a6fd4f50d8a58568e28f4
  dist/useChangeCase.iife.min.js: sha256:fb52c2327667ca81afb96192ec666d24194371acf896d8630f5c0a5b0893bd4a
  dist/useChangeCase.js: sha256:b44139588443c9a277c1842fa7fe51c4e34e004fa072de25bf9b3869eb7a6d52
  dist/useCookies.d.ts: sha256:e63cdcccb23a22200f2e986743796f039c7f576ed8905b64a20fe8aec8f1d31a
  dist/useCookies.iife.js: sha256:1ede7a44654dc4c3609e682b6e9d766b7fcc4e29171877c38fc31c7490886576
  dist/useCookies.iife.min.js: sha256:568bfd97912759634a611562eda054454f4da55f64deb2bb49c0858f10e3aad6
  dist/useCookies.js: sha256:5dc11161f40300eb9575ceef5bd9e4734aa6f4cf48040446c545879a2c4df089
  dist/useDrauu.d.ts: sha256:74313fb3320067231a1c9db091c2152383e783cd7fc5a55c0ce1ba4c50da9b20
  dist/useDrauu.iife.js: sha256:1e174a736463d738fe48a63b1931fc56c1e2e71294bd7a83ba2c5ed16cd765ca
  dist/useDrauu.iife.min.js: sha256:8e93b560888cbde7a5d3417e03d2a36d088ebbffd15525c6fde81926689c610d
  dist/useDrauu.js: sha256:e2cec0dd9873c2e5f38922189f440ad7489b0c5723994de3ba05100b6eb0a3b2
  dist/useFocusTrap.d.ts: sha256:983d15383751a391472920af3b36493a64ef08a52ba1ad3209fa54a3797f1280
  dist/useFocusTrap.iife.js: sha256:a230bd16cde091700bb9423286dfcf05489b1f7ea91a401a8191ead913761fe8
  dist/useFocusTrap.iife.min.js: sha256:f2512c52f5f0e0586ce39796b4a21aca2f76c711e120cdfa8f3bb5f2784c130b
  dist/useFocusTrap.js: sha256:e80e251e90eea63493b81415384119637e14683dfdeeba15684e44ecb90c5ed6
  dist/useFocusTrap/component.d.ts: sha256:aa2e5149ad864de21ef013049259c60f4728628696515d8e9ec0dca0e074e79d
  dist/useFocusTrap/component.js: sha256:cabffdcb16493838bd3c709f0b1774ba9971495dbf6a27944def2c29ec4d6bf7
  dist/useFuse.d.ts: sha256:e77107e36ceeaa0f7b6082f123d700de666b3c289ad496f2c2a4dd0934528dd9
  dist/useFuse.iife.js: sha256:c9b7bc7232862777643ab5aaca3a2b8e7c6ee1508b7e7edfc61e4799ae5f9c0d
  dist/useFuse.iife.min.js: sha256:db2641fe0fc13588d43cc177191a584e11c4cf451c032888191f521ff0cda8c4
  dist/useFuse.js: sha256:bd2bebe606524910c294234431ba75f7da6081fdb3d90875ed6edbcf063c9e73
  dist/useIDBKeyval.d.ts: sha256:2fb53c902f206be6c1f76e30c04f7d91b9a79d0304f7573aa532f4cea1dc99c3
  dist/useIDBKeyval.iife.js: sha256:a4c2508a0f26533c71a149e31d2c67824babda0a77da179d02c32d6a33a7b13d
  dist/useIDBKeyval.iife.min.js: sha256:085905ce7f2e941f20f6e3565ef55ed43c67c108dc9f2467a660e01b6e322780
  dist/useIDBKeyval.js: sha256:b830705eb4b8aabce27208b8c145a79980e9de50848bfc2013842a0ac033d6b8
  dist/useJwt.d.ts: sha256:d825f01f351073d67927e885f856869c5ca339bffa2a7e99c990b495d123bb06
  dist/useJwt.iife.js: sha256:fd74d2bfa8bc2328085d8915dc98d0b6ab09aa0c912847cc7282bbef26410fb2
  dist/useJwt.iife.min.js: sha256:342598f14e1d993977f7ce3c84645a2b23085108e4a714a926e6319a96eefeff
  dist/useJwt.js: sha256:7148a4ddaa5c715ab9344cb4cff2884f03496a77120f92e5622e0a29c52edc77
  dist/useNProgress.d.ts: sha256:1ca1947f495b62f9491afdb690382a006b8487ca58f980450a14fbed5b5928b9
  dist/useNProgress.iife.js: sha256:ae83438cbb06017aa1f6cac6e83d1cd055976dbe8d988d7fefc845945e16eb89
  dist/useNProgress.iife.min.js: sha256:93388b3f37229998a2f5dc6606b886588431222b838780d9609b64333377e1d9
  dist/useNProgress.js: sha256:7ee6636b2209013a91ffafdbdb3b9df17603488056b949161a586409886db7c9
  dist/useQRCode.d.ts: sha256:7ab3e74c02efca0f0f106ba62a660becf00b0a9f689888e8f98ba31ee3931ba1
  dist/useQRCode.iife.js: sha256:5f15c2c77f3e7e6bddaca692b015a3edd7eb8171c3b94d0bc490bc58a9d8f874
  dist/useQRCode.iife.min.js: sha256:1be52edbb5d2d5867751587cb791922c79216258fd49fb6ea9eab8d2fb6060f3
  dist/useQRCode.js: sha256:ec10bcbeb23eac906326012f75b6f5745dafb3bcbf696153c93338d7c69623bf
  dist/useSortable.d.ts: sha256:771b7cf83dffe3fc2c2c9f2ba17b85273d0ff81ba349df51998313af0197fc5f
  dist/useSortable.iife.js: sha256:ddc4ba8e9da6a0f666b737e6f40c694dd9cb621aaae71e01dc0b0f9cfcbe2f44
  dist/useSortable.iife.min.js: sha256:9998953ee7d72d1dd06f23468ca6fe1eb82947c26e1cc80eae10026df3399e69
  dist/useSortable.js: sha256:6a9db9483bfe596601b0b3e77ce40a3165606295c233c93b0e5a09f49fa7d821
  dist/useSortable/component.d.ts: sha256:d0dbe9c19b455b93deac10ffc47724b75834befbbf65fb6c890e6156343bcbb6
  dist/useSortable/component.js: sha256:14696794ab6c279ca6c7c6626d0d29e65e85e2d8e0fb4fad0a99a884a4efcbcb
