# auto-generated by tsdown-lock
# DO NOT EDIT
version: 1
hash: sha256:fe67f69c51eed6eecdfcc64e56d9d01b9b96f40f184a37a09f2c52a1df07e5de
config:
  tsdown.config.ts: sha256:0c768c6ef79201ce2001ee3bc7b41f9188afca81163020cd9ad67b1c654a9e3f
lockfile:
  ../../pnpm-lock.yaml: sha256:9a55b2637896f105ae6f9ed996ac2ab39c36247a0337cc2e97f390c1a18e427e
sources:
  from/index.ts: sha256:06acbded3d4a702613cfe60ef6a780bc371c703fce0daea6dccc2a484a979b16
  index.ts: sha256:b0335fb72794aa0c2052a29faf6b098dd1385624a31f759c1b40c677d38440b1
  toObserver/index.ts: sha256:84538c24949bca0363c0d90e4058b84e859be2e8374dbda1d1cc3730bb8e8aec
  useExtractedObservable/index.ts: sha256:5dd6954ae4b8d37e2d51866307ecf56dea47b246e42ddf85b6109ba1e1140d88
  useObservable/index.ts: sha256:7ad87befc5350597127c103fe4b15c72a8b86f652975a3a68f997194b8f1b0c2
  useSubject/index.ts: sha256:6a41f38882e56971b8aca141ad5374e1a4c9214dca95b31887c07eaa72b30929
  useSubscription/index.ts: sha256:69a1742cbf182faa0551e0c9f1e2e4a6568cab836df4f5c98befee5207b362ef
  watchExtractedObservable/index.ts: sha256:66dc1c347ff2c9432a6fa34bd1ac2d02a88668f6222b6ded5bd3927dc52f9efe
outputs:
  dist/index.d.ts: sha256:b69383414fe7ce3cd6d175a747529c58401e5552ef9af1337438d96d39fbb5e3
  dist/index.iife.js: sha256:d10e212cad5555b40b0636cbfe023002ab90b070c3333bdac3f3ed1aa982d04d
  dist/index.iife.min.js: sha256:2601884a4e5fc91025377b6530f8a72e644d30016b5589dc1b33c25f2f66bd33
  dist/index.js: sha256:ea76e2f07f6dc439e99ecca0041871cb34474ad82dbb385c0ba6e85049005a59
