# auto-generated by tsdown-lock
# DO NOT EDIT
version: 1
hash: sha256:285a70a0acbdd4aa27a6a1ba35465408f99267e3cf5dc05dce7bb89ead113e4d
config:
  tsdown.config.ts: sha256:cee0fb32a8b74ce09361781e89557768df09dc7110a73b51f5b657fe3eaaa1ad
lockfile:
  ../../pnpm-lock.yaml: sha256:9a55b2637896f105ae6f9ed996ac2ab39c36247a0337cc2e97f390c1a18e427e
sources:
  _types.ts: sha256:b02d46a4cb04e02186fb2a350ea9e8cb4bd5bc873de9098f587423ea575085ed
  index.ts: sha256:d292dad0fef7d9980c3fb84e4b87f90aed92e7e57a3320dff119b8179ae103c3
  useRouteHash/index.ts: sha256:0ac188acec63217fc4415bc2ced6fe5a350c191951bb680d69b89c9c50467ace
  useRouteParams/index.ts: sha256:6eae0708827afbc81710fbbb3856ae370845174cc3643fea1269104289d1aa4f
  useRouteQuery/index.ts: sha256:882814da633a1e8c14820ebdc4913f01a9df0b17cef507b684ea9a51501f51ff
outputs:
  dist/index.d.ts: sha256:c2801366e0f03cdb09ce15f5c4aab61f82e7d72cb16ff3014d2d3b00b86ee52e
  dist/index.iife.js: sha256:16f30e14326e9841f81f36523f5be2274aad4f0834e8c14343eb8d4a853ad619
  dist/index.iife.min.js: sha256:a232347df66d92321486210c1f46f4bdd7260d66a4ff50b67017bf49aaffa6c2
  dist/index.js: sha256:5f95318d5be64c7e29b151a62bc9613d2697deffb6e28e1c034f3cc60e41fa1a
