# auto-generated by tsdown-lock
# DO NOT EDIT
version: 1
hash: sha256:ba49a8bbf86e04301dccc2f87c41fe23014a2116e4d4d345e300681387c2135f
config:
  tsdown.config.ts: sha256:93cece9aec90f53c68f25c8f0dfb0886abb77f15145d08dfcd624a3e129d956c
lockfile:
  ../../pnpm-lock.yaml: sha256:9a55b2637896f105ae6f9ed996ac2ab39c36247a0337cc2e97f390c1a18e427e
sources:
  _types.ts: sha256:6416362ee6b940018626e15b4cecdc957f61e844c88a6bda4a5bd0707bf42a1e
  index.ts: sha256:071a41496a9fe18bc6168b8040b053aea85054608db40cd33049c3a9d7762099
  useIpcRenderer/index.ts: sha256:3afc4586ae082e23fc79fecb6edb0aafaa5f3c7d5383b089e730dfd291afdde2
  useIpcRendererInvoke/index.ts: sha256:782787eedcf39c0d7bc3c3af79a34e9ed3d84310f84fdd1fd2a2edca647316c4
  useIpcRendererOn/index.ts: sha256:831c87a60dd25bff07b93d59a59e6be76c165496bdff754c2d20e7ebd0a61585
  useZoomFactor/index.ts: sha256:5bf8fd7e5e87a6959b55cde303ddcca18ae70165a99515610912172d7f5b6d11
  useZoomLevel/index.ts: sha256:b1c5627d4251b5fa870fe83929d0fe7123452951db2d4d1ad1e0a3546cde180c
outputs:
  dist/index.d.ts: sha256:50aa5d54a6e990c2eb3ddfda8f44bd1628997ffb08eecce24818a09906c7c14d
  dist/index.js: sha256:36d15a52c81393c9eedbe49605fa11ce1f0dde0f023b7a743d13e303d0ecfc0e
