# auto-generated by tsdown-lock
# DO NOT EDIT
version: 1
hash: sha256:0aa0465f1f24ab100f17866a1041bda2051502039902c31d7860d3532816017a
config:
  tsdown.config.ts: sha256:3231817cfc1dee55e2e6c3f91c1991c51966e24df71a15c388379e492046d380
lockfile:
  ../../pnpm-lock.yaml: sha256:d4892029361ed8bba8c0d2560effc8d27023d878d00adb39dc4240e73b7f69a7
sources:
  ../core/_configurable.ts: sha256:277849d619b4500ade518d315fec29dbf306662cb9ecf52036f385c9af8ac5be
  ../core/onClickOutside/component.ts: sha256:0227c9e407406a98d4d606549cf40bf17e39195e0bdae9be7d314bd2cbf84e59
  ../core/onClickOutside/directive.ts: sha256:b32ab561ad5e768145cb486f433d34aa15b6700db8695355ace4543640505099
  ../core/onKeyStroke/directive.ts: sha256:5696efe9d2db51dec0d737152968811e166e02671c86d4103df527534e4e3208
  ../core/onLongPress/component.ts: sha256:d6cb9fb3f9247954fdc5d632960bba99916bfb7585a9a9857df8d7a7f7178b07
  ../core/onLongPress/directive.ts: sha256:6cac85a063154799e9030913bb5264d524bd4136de22740ecf63c1b2a2382c13
  ../core/types.ts: sha256:09a7159f7a0df5157ff4fe67eea2431b21ea7cb2c88fe01d85e223a045b4f986
  ../core/useActiveElement/component.ts: sha256:32b93e3d8333d4fcadcdab0eeb4ff09b0d23d77a85941010016272879d80a0cf
  ../core/useBattery/component.ts: sha256:07b27b6da192d8a93011198a2ca84173a2e4d63ca2b392ee49e6e3725b454e30
  ../core/useBrowserLocation/component.ts: sha256:9f6974490b82ee145edc7abcacd937f682b97e498f068cff1791400290b0e624
  ../core/useClipboard/component.ts: sha256:2578fffffac325502532e8d9cd3f619557955c0ceda426e66981ca8f25a6856c
  ../core/useColorMode/component.ts: sha256:9848c881bfb7897bb5024d336d0a2ab7c97fa351693cb380c58a20a7191348c7
  ../core/useDark/component.ts: sha256:e5100ca0807329488177c168bc80355113337cd9bb619e5b52f16d0cb7d75b00
  ../core/useDeviceMotion/component.ts: sha256:624bd02544997e3a85c301d844d0bbc47eb4ace720c896e094b188077a9e0df8
  ../core/useDeviceOrientation/component.ts: sha256:1e2bbb788086643d5e45c6460ca464080ada05e1e76e100a058ade54e5cb23db
  ../core/useDevicePixelRatio/component.ts: sha256:faca3b866824dd00300e83b709a0fa51a15511bf712580bd23dfdd90ee908c6a
  ../core/useDevicesList/component.ts: sha256:3c27d8946e5af1509559fe4e9079340c777840091f4be361a5d67a445c929ba1
  ../core/useDocumentVisibility/component.ts: sha256:bf1dd854c63ceb5bfabe3ff1bac5edc0927f5cdbe69c7d8470349d18222a8d03
  ../core/useDraggable/component.ts: sha256:d6db2d5ff86b69248788e798a650dffe515755b796fbc8fd7970275094979b13
  ../core/useElementBounding/component.ts: sha256:9e7f77983f0be3d65fdc6d167fc4c2bb2280a2fe9192578005fc6f77ebeb61ff
  ../core/useElementBounding/directive.ts: sha256:6a4c79a5972036964a42bb98576081d44fc29ea72bab73a1330f79885ea218c2
  ../core/useElementHover/directive.ts: sha256:76cb52ae8f0415f84e37b2887bc5b518c6dcde801782858ac43beb87c1af2a9c
  ../core/useElementSize/component.ts: sha256:f86a7d9c32513de196302bf6a2fd40d75f01ecd90c69c3507c044123b470ad99
  ../core/useElementSize/directive.ts: sha256:5505bbfe8ec2333bfbdb3dd572564b837793bfa1f7e9ab37f035a82920c21ccb
  ../core/useElementVisibility/component.ts: sha256:28075d16a5ff0718a83d4178b179b7e87a6930f8a4c1fbbab464d19b38578ce6
  ../core/useElementVisibility/directive.ts: sha256:33027d851f17088c192415b1eefb34e54a919f260e3f31b25eb51cc4c13c6d57
  ../core/useEyeDropper/component.ts: sha256:7f99032b0013faaa9569a99017413b90f9103d383382231a7e815353b1b87dae
  ../core/useFullscreen/component.ts: sha256:8b5ef43643204d4d742433e37cdcb6a1e6af684e16f05c2260f00d5f2c33196e
  ../core/useGeolocation/component.ts: sha256:d77b9c5cc1081b3aeb1fa8fe18e0c185be210c56e93ac0acc67f8e76812dcd60
  ../core/useIdle/component.ts: sha256:895b7bd56c658d5c414c689ea9d8d436553b2584f850621eef5ae82667194ac6
  ../core/useImage/component.ts: sha256:b27e85f7d5496c6c2d375d118ac28276a8e69dd569f77f53e9678b1ac3f6eee7
  ../core/useInfiniteScroll/directive.ts: sha256:dc204b28a52ca72abd8ebd37749991146271cf9de45d0036de6f9252447c4cd1
  ../core/useIntersectionObserver/directive.ts: sha256:5b2166dd4ce0b6fc43bf7187c2ebd5539f0ea3dbce36f7ee1f9b6031f3a115ef
  ../core/useMouse/component.ts: sha256:22bd752c27a051291bcca2f5a01367e2e32c00ad3e22e697478a7d9a5378c854
  ../core/useMouseInElement/component.ts: sha256:dbca3de38f97343d9dac76dde7d591ee4d8ce1433bc504a879222d5f0b3515c3
  ../core/useMouseInElement/directive.ts: sha256:53e9287ceb0f61ee567c80c5c30986552b0d5ec182455b19de8922c84e04dfad
  ../core/useMousePressed/component.ts: sha256:417f298c9191c8562de83810f3c7e138a8b1a4a35c8ce1003dcfabc306be6e63
  ../core/useNetwork/component.ts: sha256:1140382bd15aaae1d1f8c5c5f0d0d4eb244653e066f47cf230f1f4789385ca7e
  ../core/useNow/component.ts: sha256:5a8b8edd1e8710477b9365a08ea317ee009594ba1c2d2dc863d897073af02a9f
  ../core/useObjectUrl/component.ts: sha256:f6d538de1e9a56a528b8b4545de974f07558c6e402af73301e45998580ed4493
  ../core/useOffsetPagination/component.ts: sha256:d686e9dec11b41be61ac78400860eed09de6429e7469ac910543961b922fe144
  ../core/useOnline/component.ts: sha256:733b584f0c16e4ba97befc1446252dc3574aae4b84961325a4ec2acd8e9e4eba
  ../core/usePageLeave/component.ts: sha256:63b0ba1bc7d5c45b404c743bfa4232150773966bad7601b795c68343bcae9976
  ../core/usePointer/component.ts: sha256:303bd209f5a0b203f2c442f6c4b5a8d67e2446cdbbe9593fe24522781964b8d7
  ../core/usePointerLock/component.ts: sha256:59a646f4e665909318fce10fb4fd51cf07b1326d71a3c1028e63f24c5e3ab593
  ../core/usePreferredColorScheme/component.ts: sha256:ade2fba3a07868658e73c9bd9e8fa2d97b39e81c4c9125f270f11b7011ec2620
  ../core/usePreferredContrast/component.ts: sha256:084c7b75a308fd7c558c997fb06e3e34cd0d2e4b618b9291bbea995e69bbb199
  ../core/usePreferredDark/component.ts: sha256:0ff9f8638fc6ee10f85b21532d329fb69e9bbf6c4abb211b8d6f6ea896f4226e
  ../core/usePreferredLanguages/component.ts: sha256:f1713e4c7e024cd54d7471889c5ad89a8546f098950cff3866ee867121372444
  ../core/usePreferredReducedMotion/component.ts: sha256:a1fc44820db4cd3f8a1b9a4e70132d395a513d7479eb70ce94d08b3ef619fbac
  ../core/usePreferredReducedTransparency/component.ts: sha256:30fcb49142121c6405b8e8a1577adaf1fe34a4e9faa434c26b507d1b2ad7fbc2
  ../core/useResizeObserver/directive.ts: sha256:5a701a5828d15e9235241d0e452dabc9355057c320b34fac9d024a8d682efeaa
  ../core/useScreenSafeArea/component.ts: sha256:23db8d414b05fe991731d814e9a1bffc89f6b837dd480ae6be5588078ae12b0c
  ../core/useScroll/directive.ts: sha256:abeeb0be6b6038355d67b9b1aa60b85ba51588205c777efb66c111976b3ac73c
  ../core/useScrollLock/directive.ts: sha256:d2f9491e24f5906ca3d27b5e68648133a73e8da0136c7253b6d6e2ec2cd1ffcd
  ../core/useTimeAgo/component.ts: sha256:b585e80df55fee0c3cb62d1afe39bc1430e5b6ad56ca5f283ce64fc15a9eea92
  ../core/useTimestamp/component.ts: sha256:5f9c5a11b79cff605929363c7323b89673a886eb4a135a7796155734827a8492
  ../core/useVirtualList/component.ts: sha256:989cfdcac4b0713b607dee49e150cddd851e8611f6856e209853eafcff9b6aff
  ../core/useWindowFocus/component.ts: sha256:ac011a326c1ed87d39616e0946fbc5eb97cc5912e11db09aff4c1a92a0f79f16
  ../core/useWindowSize/component.ts: sha256:8dd46eca9c8042d36742f6e520793c7985e2bdc363864f7e47e0890e6638a68f
  index.ts: sha256:0de2c9390a590e06d451140c76eaf8686be25dc6910030739508b0fa633e67f2
outputs:
  dist/index.d.ts: sha256:1f0ca26c7b4223eec9ecd689217e376dfceb861d1afb6f78fe3ddcb0e149b196
  dist/index.iife.js: sha256:7472c72592816658755172d9c26fad92028273759d9b98480688794b28e18e1c
  dist/index.iife.min.js: sha256:0d22cbc163bb90c83b0da667972197319611e87a80d44dfb7c6be0d9d6693d03
  dist/index.js: sha256:162d5935d3334746c8c36c44e423cb72bd38e9e5b9dbb2f61c8d81fef37e8620
