{
  "name": "@vueuse/core",
  "version": "7.5.3",
  "lockfileVersion": 1,
  "requires": true,
  "dependencies": {
    "@types/globalthis": {
      "version": "1.0.1",
      "resolved": "https://registry.npmjs.org/@types/globalthis/-/globalthis-1.0.1.tgz",
      "integrity": "sha512-gPIOjEAp9ZysUzOYlwuaedjwxRW9QvMhlN5PSWCXYEw894QB/84YgXSsei8yE6D/FstC1QIrHgO7UfQ2A37M0Q==",
      "dev": true
    },
    "globalthis": {
      "version": "1.0.2",
      "requires": {
        "define-properties": "^1.1.3"
      },
      "dependencies": {
        "define-properties": {
          "version": "1.1.3",
          "resolved": "https://registry.npmjs.org/define-properties/-/define-properties-1.1.3.tgz",
          "integrity": "sha512-3MqfYKj2lLzdMSf8ZIZE/V+Zuy+BgD6f164e8K2w7dgnpKArBDerGYpM46IYYcjnkdPNMjPk9A6VFB8+3SKlXQ==",
          "requires": {
            "object-keys": "^1.0.12"
          }
        },
        "object-keys": {
          "version": "1.1.1",
          "resolved": "https://registry.npmjs.org/object-keys/-/object-keys-1.1.1.tgz",
          "integrity": "sha512-NuAESUOUMrlIXOfHKzD6bpPu3tYt3xvjNdRIQ+FeT0lNb4K8WR70CaDxhuNguS2XG+GjkyMwOzsN5ZktImfhLA=="
        }
      }
    },
    "vue-demi": {
      "version": "0.12.1"
    }
  }
}
