# auto-generated by tsdown-lock
# DO NOT EDIT
version: 1
hash: sha256:d66faa91313131399eb57fe18ddced9590d6b56656f4f9081bdb745a88a2d779
config:
  tsdown.config.ts: sha256:4b15ad029296b93805428b7019abc74c50e7d7745c2aecc93ceaaf5541d08d49
lockfile:
  ../../pnpm-lock.yaml: sha256:9a55b2637896f105ae6f9ed996ac2ab39c36247a0337cc2e97f390c1a18e427e
sources:
  _configurable.ts: sha256:277849d619b4500ade518d315fec29dbf306662cb9ecf52036f385c9af8ac5be
  _resolve-element.ts: sha256:c37a728a9082f3694d87e050651fd09cb92ec560660ac26e1c7ad457de3c7365
  ../math/useClamp/index.ts: sha256:e7e87105919e66e40f3457dba4d6d10f918825d8ed99f4ac46f55fcb6622c0ec
  computedAsync/index.ts: sha256:1a54e47b3bad0df2950e436302448aa8963d30d7d95434ed119b26d381be928d
  computedInject/index.ts: sha256:c35af0dea30ca053d6a7a72dafef7647bc06037788bb0732e02aa49d33a4e95a
  createReusableTemplate/index.ts: sha256:dd962e68b02a3a5a27cc5cb5385a173dcf581b063ebd56a7a475aed714120ab0
  createTemplatePromise/index.ts: sha256:626bfbc04f41094f66ca108b17c6095243a380df2cc9eaa4ce6a40e3a03f6eac
  createUnrefFn/index.ts: sha256:b3504c3eac65ddc7244b57956ade7804ac110999cc2549ed2787c79f740e4fe6
  index.ts: sha256:c37a404fe3f741bd59b5564e55f96c1cacfafd2703bf9809285eda3bc232e168
  onClickOutside/index.ts: sha256:b761b3b6986b02d0d107ee17203a28618051732e6acd6d6d91dd81fc56ba0523
  onElementRemoval/index.ts: sha256:f9706325fdda37eb81daaa17e8df7cca22b5429422b51311653bfb489af282a1
  onKeyStroke/index.ts: sha256:9c03aef7e76dd4575adf2cb46f53b1b55f9459cbb63f90e86f7089576c9f9694
  onLongPress/index.ts: sha256:a91539d523f346b5ff8e91a38bd188fdc81ae7e42f36216a4985261ea8236966
  onStartTyping/index.ts: sha256:cd2a87abb96604da89f8c9cf6c0a738b52ae52bdaf82766e10552d74c1f76fe4
  ssr-handlers.ts: sha256:f131f8e398ee889c8b8a76fb816ea25b44570a77d403ef22d89ff7a9fad256f8
  templateRef/index.ts: sha256:c96f6aa14f4dc9faf4774209670c89cf360f615edc1b154dc2882acd45630bf0
  types.ts: sha256:09a7159f7a0df5157ff4fe67eea2431b21ea7cb2c88fe01d85e223a045b4f986
  unrefElement/index.ts: sha256:eb479bab1c2c9d4ebbf9da253d9dbc8689f13c2294103c397a0524f3a909edef
  useActiveElement/index.ts: sha256:e8f4667ade1f051fc1475956f0dfac0399bf729dafcf94ccd828d4226c7f0358
  useAnimate/index.ts: sha256:7baffaac312bcc98965e270260f01b4b8319b5cc81541e4fe21a4b835b7dda1f
  useAsyncQueue/index.ts: sha256:3e856c4ed1c380987cf3363485806eac2f5006bbc177becb9eb3a1943e943b32
  useAsyncState/index.ts: sha256:eab1d246dd3c634200607aa95acdb7a7f6acc184a29f7d2d668692c139a197a3
  useBase64/index.ts: sha256:d4fd542d77c6043fd37dee9510955f64fdf44babe18b42a9af58a1fd00e15cc1
  useBase64/serialization.ts: sha256:44ca280dbda141f7353ce565d23cf81e0058934d547ff10c4d66e1d6f4dbb566
  useBattery/index.ts: sha256:394d08e42489ce7399609b6d30d61209acccff4400c237ffd2b1363524d48836
  useBluetooth/index.ts: sha256:b2efdc19eba3e10cc2eae8ba83778f7637362ca829674292c511f748f7e97818
  useBreakpoints/breakpoints.ts: sha256:f23c11c6ab2023b128cb6bcfa14ca464f4a042d57bc1eaa2a4f8a2a2c1b828a2
  useBreakpoints/index.ts: sha256:44ae430e45214db8d6d5b4007277b4759c4f7522d623f40d3a924ac8493037fa
  useBroadcastChannel/index.ts: sha256:5cd51e80dcbeb88277dd208641efdb0951c0f97aba2025a83371f7ef381363f9
  useBrowserLocation/index.ts: sha256:c56d171f2830b113d159e695d39986451d1a6532872c00460fbdea566d48b423
  useCached/index.ts: sha256:a733519bcbfaffdb5d1a4d3c38d0b0e372ee9539482030ae4e1b271f34168f39
  useClipboard/index.ts: sha256:88997ea8a6d74763cd2d40394e22819a775a48d2e5253c64dea0ce2a02303bec
  useClipboardItems/index.ts: sha256:83d7ff58060688887f875d59bf8f600b100cb919a3bcca476c595afe731d2d21
  useCloned/index.ts: sha256:396892b05851d04208b03d7bc2ba1484a271e41dffbf29097b4fc91f5d45c562
  useColorMode/index.ts: sha256:e12f3cc91e4587c266fe302e6158a0f0b5615fc6cb9ea259191d44456bf99d2f
  useConfirmDialog/index.ts: sha256:952f13f9caef37d71dfbb2cf603ba3f115c8e86fa0b0cdb98fd01cd41c96075c
  useCountdown/index.ts: sha256:0b162ed58f1e374ac41ec71cd9e3402ab80452c6419562793cea71b177abb531
  useCssSupports/index.ts: sha256:6214f0840c48026f31cab7a6330921fceea0a9743cd8df3736fcc2c215a71541
  useCssVar/index.ts: sha256:949050c4953f8fa2e7a4d764da39f77ed886bb2fa754a185439eb8e16afd5206
  useCurrentElement/index.ts: sha256:bbe47a0e47adb946f0ad53c896c8dbe27eaa6ba2ee7b85801817551825c8ddb5
  useCycleList/index.ts: sha256:a87c57a2b530d4222e72f5f29526cc4fb3578801592fe2b11a10d21d68cb9447
  useDark/index.ts: sha256:a02bb29bc53cd9d8bd5c55d6aacd001ad9669918328295f96ef1939b9e372689
  useDebouncedRefHistory/index.ts: sha256:9c2f1a3f93efeefe477aea622d4c44c05fbec559fc14a06a8447e6733dcbd5f6
  useDeviceMotion/index.ts: sha256:0b9d41827a4b101a0893fd37c82de9ba64bede3b699c9b3e9bc09bf3f59fb1e6
  useDeviceOrientation/index.ts: sha256:37b024afeeb78d2429c5ac0da8206a1a76ba3ad33dabfc47186fcd6fd3f238a1
  useDevicePixelRatio/index.ts: sha256:b17efce6a67d88ab6c8b0edfe4bd616052d51473fb4d8ec726b1d0da63df11ed
  useDevicesList/index.ts: sha256:a98dd1237516df55ab8b70b6f976ba76406127fda96745fea546c68cdfb81582
  useDisplayMedia/index.ts: sha256:d4ce2b2e1affef9a2656d02475150d8cdc21115e232c354bad8d9b5f2b95c757
  useDocumentVisibility/index.ts: sha256:56968cab91719d8deef2ab400f118e0a7b0f5edd50d5df017e6b69beb836ea70
  useDraggable/index.ts: sha256:2d990bb85f7e3c695a02d621f0b6d518c3374c7a02bd200ee863ba0cb1ea44c7
  useDropZone/index.ts: sha256:8ac2e7f44973d6c9f538961f7de7831862410442307a8e252c176ca9d4210924
  useElementBounding/index.ts: sha256:a3b56b8e2d8a16c76e41d8eb1fc45b0a91583cffca3904717736f8850f8d8921
  useElementByPoint/index.ts: sha256:ae13720572d04b616d8de8f72bd2654d307c01c701675c7a0063be73164a6ef2
  useElementHover/index.ts: sha256:0e0362230d62605d1b971a34dde750b3ff65ab37d624d5b95fc50c530d773086
  useElementSize/index.ts: sha256:59b0dd605f6689262f672660b2861c8c0c9195adb6620686c1af87abd4054231
  useElementVisibility/index.ts: sha256:1d3b2d3ab241e102f8fb1bf6bc28adc419d198a68f7158ad0de9841d33adc2b5
  useEventBus/index.ts: sha256:305b92dabc835ab0dbd1f7090c728c2223d65d0f6823b0dd0316009cd984450e
  useEventBus/internal.ts: sha256:f59485deb4ebce1f470d5c9245d9a4a71d6514fab1fdbfcc37560e45d8fc44cf
  useEventListener/index.ts: sha256:adfb0fb145daa95a1ef01953cd632c88d2bc7475aef8cc6769a2a59db21314d6
  useEventSource/index.ts: sha256:d2c98d8c323414cb0d8394f32824294df2acc29e26d78e7bb12ee899da460c72
  useEyeDropper/index.ts: sha256:8ab08d0f6d7d4ab23daa8844a7293a03582e6ab4accf3b31ddc2c32559f40323
  useFavicon/index.ts: sha256:b183c1270e0183e3c1cdefd56f4a2810e02b6d310dadd8e72e47b752445f46c6
  useFetch/index.ts: sha256:6280417442bc7b58dda9cc87a9debc2347f6818dbf0d39c153488eacb8cc4363
  useFileDialog/index.ts: sha256:a89217b44236923235bb492d44adfbdc478baf322a34723a8b942b4d8ff7fb99
  useFileSystemAccess/index.ts: sha256:2d0e5662572a545d24e370092544c722414123cc1303ad467479ac6a399ffb5f
  useFocus/index.ts: sha256:4da52a0bd577850360969eed6fb3fed74f051af76d9d6b2a37d8acbf3acc8cd9
  useFocusWithin/index.ts: sha256:321584d3b25bbd0cf1bcec6399c5b4c8af6148d658d8c7cbb61e3554f93512e1
  useFps/index.ts: sha256:60aa378c2a8d658a9c7e7306d712d9bf622532c5823a17ee85cb69195b9cbbe2
  useFullscreen/index.ts: sha256:84e5e74323a7657d4406b3ce86bcb47b4d1268cd12269bf870a981cb564ba8d7
  useGamepad/index.ts: sha256:e3707057a2b45b2a6e68c3140c5c3d8fdce89f64fd03acf810648aa0c1accb02
  useGeolocation/index.ts: sha256:1c3ca53f3eeaa41ea3f2053b9b09b0b3180a2201d9886aa8d9813741761d2641
  useIdle/index.ts: sha256:239512a31f9b7b90d392ccc4985bde65cf414091259daf2a8c07f4f2e305839e
  useImage/index.ts: sha256:034c6de88b60dc5ee0b368dcb1b5c5706e5b17aad77bd7a34cd490217479a8d4
  useInfiniteScroll/index.ts: sha256:7b021f7eee5fda9b87f3384706a6afbe2f67b5deb70b9c2f997b537981b1b580
  useIntersectionObserver/index.ts: sha256:39c336496129acc05b974c38ce4c7daf4c9757fa8625f38f5a22b93d05e14325
  useKeyModifier/index.ts: sha256:9c492284ff1f98fcc1bc05f94637dc6c92de1030231ce908a7f5eb9a975a4047
  useLocalStorage/index.ts: sha256:4c606a0281f72e7e00ed4244ad0e294a0f81fdf37a96e8be3175f6a959c511e3
  useMagicKeys/aliasMap.ts: sha256:aa916adacc7e7603db8d6ea8f8c534466df2967829eeb59b8baa54e494ae2d02
  useMagicKeys/index.ts: sha256:bc238a766fcdec9e567d1cc1f88058a9841a14b816ff90be3fab1e43685d1f5f
  useManualRefHistory/index.ts: sha256:eccb6d06fd621199dfee3d7045f5b1e9a03360c6aa7ae2e1abecc7b5b9e1bf38
  useMediaControls/index.ts: sha256:571e058a898a963a0a4fd16d8c46f70461e6b6bc8ea05eccc9dab4c9a7b9cc98
  useMediaQuery/index.ts: sha256:09190de0984c9021c5b8bb97743f1b49677a07576a12c123544bc07cdaf013e0
  useMemoize/index.ts: sha256:8fac2bb64c98c76eb287d89a326bc5ad035c3cef85f55d214ec7295c41887932
  useMemory/index.ts: sha256:c2b900b1f0c22bd9ff7ff11feb48dd0216b39ce5b2035479a57c470619274d28
  useMounted/index.ts: sha256:f698cc6690123016f4bd7c6c2d681dde0fd40898858480b9204009751a1369a5
  useMouse/index.ts: sha256:77b7e5b070e1877b54c464e359a2bfac033b9d1977ac430565b68e3fe5a42c42
  useMouseInElement/index.ts: sha256:adf1b4c188174d85a02089f5134d8683a0fc95d97e4a4b92303a110d911f18c6
  useMousePressed/index.ts: sha256:fe6c2e360f7fa79c54dfef1e2d8bd9b3fbd07a6539437600301d2ce2fada37e6
  useMutationObserver/index.ts: sha256:8d4975b275aebfb9ddaa1799a3f77e8a7c7eb630b70d4b4946857966da59266a
  useNavigatorLanguage/index.ts: sha256:e780881df96f8cbe55e210a000c21e4b4900330e7090b8fb6cef26b81a4f011c
  useNetwork/index.ts: sha256:5f51b381c05ac139a382cc14a8a7a71c247e1f074e3e9f2ea7695d5abcd8cec8
  useNow/index.ts: sha256:0f6a84a3428964e1931a0789071f1b8aea9874bc17127b477107c047ecd3ec23
  useObjectUrl/index.ts: sha256:a94561eaf854c0e2794d9ca7dd200894b51ffdb799a8a80e2f406c61ac7eb82a
  useOffsetPagination/index.ts: sha256:f797c58473351052a07e5593cda959dba8e39777640e3a25f3afeaf5e6eb54b0
  useOnline/index.ts: sha256:60584ccef8e5883d3b306c7db1eb5523207d6d74a8e9be145ffd19ae6258e536
  usePageLeave/index.ts: sha256:d6a11f98f7ac68e00066f1caa21bea756838ef6c5e974983fe1d8be21b345544
  useParallax/index.ts: sha256:7aba0618bfebee1aa3012675fb33e51816c0fc3cca655905297367c7a44898ce
  useParentElement/index.ts: sha256:8b227856081c82e9914a0dc95bb2abefb61163a5bded2e08f92ed04b559e7a70
  usePerformanceObserver/index.ts: sha256:3107e44b9cd518f5f0dd058fdb118edbd0469b107a3e3f8d5174c5c23d7c5a7c
  usePermission/index.ts: sha256:1416d1d35e598bea1897508d7cd442d0f57e44edcc83dd77cfd3f45a763a0a06
  usePointer/index.ts: sha256:d8713316d6d0185381a386bfe8f3059b102ca1b8da8f7959717e0156e34483ef
  usePointerLock/index.ts: sha256:42133b4f74aac1160bd8b56dbabc245e18f7292ecd7c1dcd470d5a0e38c67958
  usePointerSwipe/index.ts: sha256:1a9deeb6eb706c80a9ca88718af437fa803ac1b13f189491ac7307487c6914db
  usePreferredColorScheme/index.ts: sha256:cdddf6db4cf3b46f153e00b460993748c082acefbcd56631f6d3f807fd50f3d1
  usePreferredContrast/index.ts: sha256:e2e2da15133fd5fae066377a686175455dc7350e25a0b0164ad77aa9c1a34729
  usePreferredDark/index.ts: sha256:25ca64219df915166f2a292ae5d4fda96f61230e4b1f2f18eadefcec15610ac4
  usePreferredLanguages/index.ts: sha256:4cc44534602d8008b715fef26ac33b651d88fcd31b8f2cf216966b33f8d5fd36
  usePreferredReducedMotion/index.ts: sha256:8f986edc8b438f19cf191b575158289e6a9641caae3639bf24efbaeb7fe1988e
  usePreferredReducedTransparency/index.ts: sha256:db8c697b6dde5cbdece99908b167993d4ae2ec6703dd29d9b85709fc22e9a2cd
  usePrevious/index.ts: sha256:ba6489ebd71a6f54e8441261eb9fdaea7a14b21a37f8cc4d49546a90ded8f2d0
  useRafFn/index.ts: sha256:4bd450a8363153c47a0c81e575f3b28bdd6a123fd0b02e954ee4ae6139e05e0c
  useRefHistory/index.ts: sha256:46495970ea761a4eadd2f086811e813a7a33b683e3cabc132f2a83215c3a3984
  useResizeObserver/index.ts: sha256:f1d993019a732aa7dd0b262004b73d00920da56d5799629e3bf5a648996904af
  useScreenOrientation/index.ts: sha256:55860775d437526110fc38be3492264c5437ec3841fcdbcc8377be38f5499dde
  useScreenSafeArea/index.ts: sha256:0c9e984f349c188bbcaa097293728aa28e3bb4dceafcbf0f2d030dcb46fa8e18
  useScriptTag/index.ts: sha256:e18f32d3e3ae409b401df6ab0ae4601edfb0ecfc17f11e9c148fc0e3205df107
  useScroll/index.ts: sha256:c9e2ef95ab496434e0c29385d1e7fd4e7ccad1bc2cdb96fb961acb47276d3e21
  useScrollLock/index.ts: sha256:744ef99151045b3d78b147b3b4b816202447b9685c0c1da41b7e9e4015ce25cb
  useSessionStorage/index.ts: sha256:868a3ba85f2b40e1f30b559364ebaf273b153d67f0565c17c0f9aaa003f0048b
  useShare/index.ts: sha256:c758c6e40b2918ff67a43e1701abfeff80509a20b69f44bf2dce883564385f62
  useSorted/index.ts: sha256:3b06005ad5efd02051bbab764b84fda8460dd712513845af7979bf353416b25f
  useSpeechRecognition/index.ts: sha256:a3c8094c19ab9d031cccab5a746aff4179e65c661c5dc322de23e2e084b3ef8c
  useSpeechRecognition/types.ts: sha256:159f5dbcf414e7d1e27add09571a717b6abcfe31886330d7fb6b1005928d2093
  useSpeechSynthesis/index.ts: sha256:ce61553562bc31777aa3109ce98b824ab8a356b71d27f7bd50ad83c7bc876678
  useSSRWidth/index.ts: sha256:2b3a66ef51da7edf8592a96b269f0f9aa4c2dc2e09b3f878de8f1ea5deae4ca3
  useStepper/index.ts: sha256:3b857fbb3885cc92b7a7b67e4cf0d554fe55415aef04cbd7ffdf285ad749e5bc
  useStorage/guess.ts: sha256:dbe521fa2c4403ff4186afd0b8968bab13f942505e78c15a9c9096a4ad6270fb
  useStorage/index.ts: sha256:6c3906fc043a0ffdeacc2a095d6ba585b443a21de89602650dc867e02207129c
  useStorageAsync/index.ts: sha256:1b7473c6ad4ed5a418913759cf8d401f29c184bb852e82adb625a7f512f903e8
  useStyleTag/index.ts: sha256:1987935d0a9617013e3db10b6b5d1cbc5d8822f803afec23867cc241b3f84656
  useSupported/index.ts: sha256:24a3ec681faf6aa13310b31c754c27fee459faaa4c2ae8f9f1aa2ac2ca013484
  useSwipe/index.ts: sha256:5181384618fc8adaeff2c8cf10bc03ad1507477a622dcdbb0df888bf33c59738
  useTemplateRefsList/index.ts: sha256:88a9f72260bd6aa28c82a8982a07e321a3cab40f0e3c63ab8a34660fa20fce6b
  useTextareaAutosize/index.ts: sha256:ae8d350be8c6b17c1625dd94e7aed13863ae8f58e4ada0d5e55873ef814d9f6d
  useTextDirection/index.ts: sha256:fbb3d6b2630b049af6e92aa1fe6da91822a40b9c72fc5974385cdff10198e162
  useTextSelection/index.ts: sha256:e4072d16a94f819a49d92ba3d2843e5c2a7565f4c80d1aa2b0f07b1c3a5aa3ad
  useThrottledRefHistory/index.ts: sha256:05f8408fb335d9204dd5054988032dcc4f44b7fbf3ee4faa99f6dce49e7993e0
  useTimeAgo/index.ts: sha256:02878a7b9da35aef2e491202c7b65fbb5bfb74ec1547a457f836e7f427eefd89
  useTimeAgoIntl/index.ts: sha256:a341f0a7a6a26fe389d5ad0297eddff53f3c35cbdf9c1724734153cc1d85e94c
  useTimeoutPoll/index.ts: sha256:4ba4a5fa7a38f91157bb852ce18ea4a32ef038afa932dc46c49e18caec149182
  useTimestamp/index.ts: sha256:e8d1e80d5b79c170d391e00901181d27b1a9027352935d6637f87b197d1433b6
  useTitle/index.ts: sha256:f2bdaa29ab84e177b64f3fa04c97925de55adea14e2c5eb0601a65c1b33f1813
  useTransition/index.ts: sha256:f2c755f86324bec5f5f0066f5e3d2ba4b1fe2069c20ce94defb4fbea213466de
  useUrlSearchParams/index.ts: sha256:5a04a4df9db1454ce027e85aa499777b346f8a32173b4621a84d97d77622c6ca
  useUserMedia/index.ts: sha256:7656d53277db9ac45155faa6ec0799a5318a0352cc365744d2605dd359e65136
  useVibrate/index.ts: sha256:24f9d5cd2757c9c676ef6519b3de0ca42629e6d2c44aeeb2b5a82268be39875a
  useVirtualList/index.ts: sha256:81d77b76886a92a79ed4bcbcece2e3f50f32c3ac27d7956c3cd4cd39bba4cde3
  useVModel/index.ts: sha256:c0ec127a7576590f78e0fd2e449d62ffbc4352159bef59119872c1f2e899c12c
  useVModels/index.ts: sha256:78ef49745509403301f9bb5cf1369cbddec5560f2f3da25f081e965a10b7ba81
  useWakeLock/index.ts: sha256:4114d11b38f0253444ae72ac38cea3ee64514c0d839aabaf53e3d7ef21f8a983
  useWebNotification/index.ts: sha256:e602bb8c98d9a8621da1fb91ad9f748e6c069a87fab7a097af419e238adc0b6d
  useWebSocket/index.ts: sha256:47135a5200db279bf32a9821ac499385aadbf0b2b34a844ee784cf0dca7a26ff
  useWebWorker/index.ts: sha256:6fd09f6af4a742274e3b29d076ebcf8df4a73efdf09ce0e1f02fc3a560435a4c
  useWebWorkerFn/index.ts: sha256:d29a38c1d5b007785ac3c50f51f64c339e933cb51d8b8cd9d1cee8578acd6af6
  useWebWorkerFn/lib/createWorkerBlobUrl.ts: sha256:36f83061a152ff01dfb4011c471f9ebf4494084e2daac2910fd4886805587d3d
  useWebWorkerFn/lib/depsParser.ts: sha256:5c11d3fb27c0c16edd3f726d175151ec85c6bd358030bf8bb47c61f903d8d08c
  useWebWorkerFn/lib/jobRunner.ts: sha256:c047d25f792d5c8b5da2039affe0bb882a7911ba7da4b69c175e82a8a5ee6784
  useWindowFocus/index.ts: sha256:e1068c55ba191d35dfff4c81639bb9e63d593354ec1cea263c8b34191b19b3d9
  useWindowScroll/index.ts: sha256:69110d2497fa1c5ade959c689df1c32238e2eea1874494b5d2fe0a9979d5a9ae
  useWindowSize/index.ts: sha256:a1cdf96df294f845cad71d3c91537c636cb6a645b7938de7e0178b25b896005b
outputs:
  dist/index.d.ts: sha256:4f1f7c0ef1b12f573ef1656c850324f790536e85f16fee29507afd02cd2db3b3
  dist/index.iife.js: sha256:4d5397b276c9a6149c9cf0771798c3af63035647d5c446b804bb68f66d63bf60
  dist/index.iife.min.js: sha256:40998bcbca6b22ab1e5e576157500affdb543084832eab374e5a5dc0ddb8691f
  dist/index.js: sha256:6d06ae7df21ac798d3b85c88bb18099ac06945130a24dd68f8ebdfa7aced551f
