# auto-generated by tsdown-lock
# DO NOT EDIT
version: 1
hash: sha256:7fc370bebf8608e443f7cfaee0f3b9e9f683e0d27bef130cd20c7924613450c4
config:
  tsdown.config.ts: sha256:9a3e277e7ff45a8c159f7a41cff2c966157c34f4f0b9a850075d5af7ec85c0f3
lockfile:
  ../../pnpm-lock.yaml: sha256:d4892029361ed8bba8c0d2560effc8d27023d878d00adb39dc4240e73b7f69a7
sources:
  index.ts: sha256:d14c5fcee2d6f7e96c0400817957e6b5c7d164d1bdea44aeb04193cb369ae738
  useAuth/index.ts: sha256:df635149cc24c80ca454479014b70cb9f221625c387934c62ede6477333d7c97
  useFirestore/index.ts: sha256:94ab3ec9b061a124cc01725f9bb19a9c6e5d0d3444ad09d8b8dfeee8088a6166
  useRTDB/index.ts: sha256:2f92634cd4f742c3d7b79efdd97fed5aa099dd460580cf16b52fa1ad0b8e59b7
outputs:
  dist/index.d.ts: sha256:8aa5b5122a5b466c920afb37ba5912ba73dda5eb8a9ef697ecbf6205b29a7808
  dist/index.iife.js: sha256:36fb1625b276eb1a78628482b6e7f42bc4d6663e4060e6bc31efa00e157f64e5
  dist/index.iife.min.js: sha256:e00f33c296dda78684e30b2dfc448b9ea174db67d4300edc9baa2d0a98a9fef6
  dist/index.js: sha256:d7757327da1e486029c29813465214dc9b4911a66718ca6ac220dfb1d027118c
  dist/useAuth.d.ts: sha256:21d78ffe3fe7126fd0bc0356912dfca21fa7c2d469503929bb06cc5c491f65e2
  dist/useAuth.iife.js: sha256:3a2b1f26db1a5cb21fde7989db5ab72a420681334714d2290c1445d0ca45245a
  dist/useAuth.iife.min.js: sha256:73e9024ff723a56246a3ce716ddde6478cbe518c74c404f99509ab4e60221870
  dist/useAuth.js: sha256:34aef8156a9465af5b20c0ac1d6014766004ea0e32d491a3b0273b8b0f991fb2
  dist/useFirestore.d.ts: sha256:4044e137d75e2c640f908226df7b1b8b3517a24f556e5ee5e393c2f2aa06ba55
  dist/useFirestore.iife.js: sha256:8066229e01c0c5b7c399fda1b77d05fa89c55ba1de629aa05057ce2b4f40f27c
  dist/useFirestore.iife.min.js: sha256:f92bb717f380aa4e939c93b9b90904a5b42a0db96011c2e7a24fd600dd8c7fee
  dist/useFirestore.js: sha256:b31dc13a20334961cc9fb2d263d453c66945dffdfa1a96298b75bf0dc3c50661
  dist/useRTDB.d.ts: sha256:64828af4074e9fb644469a7a81f02ab593299a15dabc3d5a9c9984d4bd332120
  dist/useRTDB.iife.js: sha256:e2f86fcf4a3f1ba2e7c85e43017c44afcb2f5f798970283e41ff01caef6237de
  dist/useRTDB.iife.min.js: sha256:8ea0f4ddda7531951a8c9174311c83aacaedb6900e01c47ce40736f5db9ed234
  dist/useRTDB.js: sha256:c41749981b4bdb33b1e62ec80939c1cce90a455b5a85cf0ea95826eb81952ca5
