# auto-generated by tsdown-lock
# DO NOT EDIT
version: 1
hash: sha256:b40fbcb4ad8e1ed840039356361a45ead1bfa40cb69c76a557532577a30755bb
config:
  tsdown.config.ts: sha256:8a92263622df0803c96d85c3561024cb6c2ddd5d382abfa0eb71eb4b9ff50084
lockfile:
  ../../pnpm-lock.yaml: sha256:9a55b2637896f105ae6f9ed996ac2ab39c36247a0337cc2e97f390c1a18e427e
sources:
  index.json: sha256:bee4b349685d38079ae3c3fd1be526bda4e6bd65ba57b0367d8f257d890cf183
  index.ts: sha256:8677943fbcf50197c7b8aa0dd845c8aa88425a2766f18c86cda92ca319fe6a72
  metadata.ts: sha256:b8c8599ffbbdcbaf6604619239804f3a1a2f77079e04b3a6dc6680913e207d1b
  types.ts: sha256:0f71f555766002bc5b9549c5b33e828ef2d50bb3700cf946aad4dfc346128d49
  utils.ts: sha256:ba8cd0d937039aeb203f8fa14ada9149567e51419f3455393848b472abfced87
outputs:
  dist/index.d.ts: sha256:9e0dbbf4002b070f378e46c96115ecbbdd02dd2c2a4a21b8582f9174b02c96c8
  dist/index.js: sha256:2218d41f7d9caebc7ea15ac6d70a6273f0038029f0070168c98456c5d4445075
