# auto-generated by tsdown-lock
# DO NOT EDIT
version: 1
hash: sha256:286848c691f72124012a15eee921836a6cde59c1db2102ffd26c9d3b492724ee
config:
  tsdown.config.ts: sha256:cf00f89fb8f5a1ee5699d118602d39245fdc2741175308a6c0f12feb8dce78b7
lockfile:
  ../../pnpm-lock.yaml: sha256:d4892029361ed8bba8c0d2560effc8d27023d878d00adb39dc4240e73b7f69a7
sources:
  index.ts: sha256:c9cd27663ef9f2db86cd4a193962c5a9859a0aeb9a81133cddc85cdd2ce69447
outputs:
  dist/index.d.ts: sha256:ea432029daf56903202b8ba0d4c05bbde7571296e4d89797df19fa7ef4b0cf38
  dist/index.js: sha256:361d615da92a90b992d133372175e46dfb7446cc89499a8d9f3d5a35049c997a
